
Microsoft Visual Studio Solution File, Format Version 12.00
Project("{FAE04EC0-301F-11D3-BF4B-00C04F79EFBC}") = "BetterConsoleApp", "BetterConsoleApp\BetterConsoleApp.csproj", "{7B5836CE-F719-4F44-9BA0-73F221CFA83E}"
EndProject
Global
	GlobalSection(SolutionConfigurationPlatforms) = preSolution
		Debug|Any CPU = Debug|Any CPU
		Release|Any CPU = Release|Any CPU
	EndGlobalSection
	GlobalSection(ProjectConfigurationPlatforms) = postSolution
		{7B5836CE-F719-4F44-9BA0-73F221CFA83E}.Debug|Any CPU.ActiveCfg = Debug|Any CPU
		{7B5836CE-F719-4F44-9BA0-73F221CFA83E}.Debug|Any CPU.Build.0 = Debug|Any CPU
		{7B5836CE-F719-4F44-9BA0-73F221CFA83E}.Release|Any CPU.ActiveCfg = Release|Any CPU
		{7B5836CE-F719-4F44-9BA0-73F221CFA83E}.Release|Any CPU.Build.0 = Release|Any CPU
	EndGlobalSection
EndGlobal
